
Microsoft Visual Studio Solution File, Format Version 12.00
# Visual Studio Version 17
VisualStudioVersion = 17.5.002.0
MinimumVisualStudioVersion = 10.0.40219.1
Project("{9A19103F-16F7-4668-BE54-9A1E7A4F7556}") = "API", "API.csproj", "{7FDED5CF-D87C-4D12-AAD0-6FE21D27420E}"
EndProject
Global
	GlobalSection(SolutionConfigurationPlatforms) = preSolution
		Debug|Any CPU = Debug|Any CPU
		Release|Any CPU = Release|Any CPU
	EndGlobalSection
	GlobalSection(ProjectConfigurationPlatforms) = postSolution
		{7FDED5CF-D87C-4D12-AAD0-6FE21D27420E}.Debug|Any CPU.ActiveCfg = Debug|Any CPU
		{7FDED5CF-D87C-4D12-AAD0-6FE21D27420E}.Debug|Any CPU.Build.0 = Debug|Any CPU
		{7FDED5CF-D87C-4D12-AAD0-6FE21D27420E}.Release|Any CPU.ActiveCfg = Release|Any CPU
		{7FDED5CF-D87C-4D12-AAD0-6FE21D27420E}.Release|Any CPU.Build.0 = Release|Any CPU
	EndGlobalSection
	GlobalSection(SolutionProperties) = preSolution
		HideSolutionNode = FALSE
	EndGlobalSection
	GlobalSection(ExtensibilityGlobals) = postSolution
		SolutionGuid = {4CE6E76B-3882-437B-AF67-50C0F6661251}
	EndGlobalSection
EndGlobal
